
Microsoft Visual Studio Solution File, Format Version 12.00
Project("{FAE04EC0-301F-11D3-BF4B-00C04F79EFBC}") = "linked-list", "linked-list.csproj", "{FD702C30-CFC9-407A-9365-6D393D738318}"
EndProject
Global
	GlobalSection(SolutionConfigurationPlatforms) = preSolution
		Debug|Any CPU = Debug|Any CPU
		Release|Any CPU = Release|Any CPU
	EndGlobalSection
	GlobalSection(ProjectConfigurationPlatforms) = postSolution
		{FD702C30-CFC9-407A-9365-6D393D738318}.Debug|Any CPU.ActiveCfg = Debug|Any CPU
		{FD702C30-CFC9-407A-9365-6D393D738318}.Debug|Any CPU.Build.0 = Debug|Any CPU
		{FD702C30-CFC9-407A-9365-6D393D738318}.Release|Any CPU.ActiveCfg = Release|Any CPU
		{FD702C30-CFC9-407A-9365-6D393D738318}.Release|Any CPU.Build.0 = Release|Any CPU
	EndGlobalSection
EndGlobal
